
Microsoft Visual Studio Solution File, Format Version 12.00
# Visual Studio Version 17
VisualStudioVersion = 17.11.35312.102
MinimumVisualStudioVersion = 10.0.40219.1
Project("{FAE04EC0-301F-11D3-BF4B-00C04F79EFBC}") = "HomeWork7", "HomeWork7.csproj", "{AD470511-2C78-43DC-9774-70B520A9707A}"
EndProject
Global
	GlobalSection(SolutionConfigurationPlatforms) = preSolution
		Debug|Any CPU = Debug|Any CPU
		Release|Any CPU = Release|Any CPU
	EndGlobalSection
	GlobalSection(ProjectConfigurationPlatforms) = postSolution
		{AD470511-2C78-43DC-9774-70B520A9707A}.Debug|Any CPU.ActiveCfg = Debug|Any CPU
		{AD470511-2C78-43DC-9774-70B520A9707A}.Debug|Any CPU.Build.0 = Debug|Any CPU
		{AD470511-2C78-43DC-9774-70B520A9707A}.Release|Any CPU.ActiveCfg = Release|Any CPU
		{AD470511-2C78-43DC-9774-70B520A9707A}.Release|Any CPU.Build.0 = Release|Any CPU
	EndGlobalSection
	GlobalSection(SolutionProperties) = preSolution
		HideSolutionNode = FALSE
	EndGlobalSection
	GlobalSection(ExtensibilityGlobals) = postSolution
		SolutionGuid = {9EA25616-E191-4D65-8083-850C5D035775}
	EndGlobalSection
EndGlobal
